
Microsoft Visual Studio Solution File, Format Version 12.00
# Visual Studio Version 17
VisualStudioVersion = 17.6.33815.320
MinimumVisualStudioVersion = 10.0.40219.1
Project("{FAE04EC0-301F-11D3-BF4B-00C04F79EFBC}") = "Alg_lab5", "Alg_lab5.csproj", "{8A37AF7E-3DF6-4619-81F1-394115238ED7}"
EndProject
Global
	GlobalSection(SolutionConfigurationPlatforms) = preSolution
		Debug|Any CPU = Debug|Any CPU
		Release|Any CPU = Release|Any CPU
	EndGlobalSection
	GlobalSection(ProjectConfigurationPlatforms) = postSolution
		{8A37AF7E-3DF6-4619-81F1-394115238ED7}.Debug|Any CPU.ActiveCfg = Debug|Any CPU
		{8A37AF7E-3DF6-4619-81F1-394115238ED7}.Debug|Any CPU.Build.0 = Debug|Any CPU
		{8A37AF7E-3DF6-4619-81F1-394115238ED7}.Release|Any CPU.ActiveCfg = Release|Any CPU
		{8A37AF7E-3DF6-4619-81F1-394115238ED7}.Release|Any CPU.Build.0 = Release|Any CPU
	EndGlobalSection
	GlobalSection(SolutionProperties) = preSolution
		HideSolutionNode = FALSE
	EndGlobalSection
	GlobalSection(ExtensibilityGlobals) = postSolution
		SolutionGuid = {48C719B5-5745-4C4E-A4BC-37D099EBDB77}
	EndGlobalSection
EndGlobal
